
Microsoft Visual Studio Solution File, Format Version 12.00
# Visual Studio 15
Project("{FAE04EC0-301F-11D3-BF4B-00C04F79EFBC}") = "HappyPoker.Plugins", "HappyPoker.Plugins.csproj", "{A3CEBC75-E273-7817-545A-7E327C42484A}"
EndProject
Project("{FAE04EC0-301F-11D3-BF4B-00C04F79EFBC}") = "HappyPoker", "HappyPoker.csproj", "{FA61F53D-695C-D5FD-B3B0-DFD50F450681}"
EndProject
Global
	GlobalSection(SolutionConfigurationPlatforms) = preSolution
		Debug|Any CPU = Debug|Any CPU
		Release|Any CPU = Release|Any CPU
	EndGlobalSection
	GlobalSection(ProjectConfigurationPlatforms) = postSolution
		{A3CEBC75-E273-7817-545A-7E327C42484A}.Debug|Any CPU.ActiveCfg = Debug|Any CPU
		{A3CEBC75-E273-7817-545A-7E327C42484A}.Debug|Any CPU.Build.0 = Debug|Any CPU
		{A3CEBC75-E273-7817-545A-7E327C42484A}.Release|Any CPU.ActiveCfg = Release|Any CPU
		{A3CEBC75-E273-7817-545A-7E327C42484A}.Release|Any CPU.Build.0 = Release|Any CPU
		{FA61F53D-695C-D5FD-B3B0-DFD50F450681}.Debug|Any CPU.ActiveCfg = Debug|Any CPU
		{FA61F53D-695C-D5FD-B3B0-DFD50F450681}.Debug|Any CPU.Build.0 = Debug|Any CPU
		{FA61F53D-695C-D5FD-B3B0-DFD50F450681}.Release|Any CPU.ActiveCfg = Release|Any CPU
		{FA61F53D-695C-D5FD-B3B0-DFD50F450681}.Release|Any CPU.Build.0 = Release|Any CPU
	EndGlobalSection
	GlobalSection(SolutionProperties) = preSolution
		HideSolutionNode = FALSE
	EndGlobalSection
EndGlobal
